# This file is automatically @generated by Cargo.
# It is not intended for manual editing.
[[package]]
name = "anyhow"
version = "1.0.32"
source = "registry+https://github.com/rust-lang/crates.io-index"
checksum = "6b602bfe940d21c130f3895acd65221e8a61270debe89d628b9cb4e3ccb8569b"

[[package]]
name = "glyph_fun"
version = "0.1.0"
dependencies = [
 "anyhow",
 "owned_ttf_parser",
]

[[package]]
name = "owned_ttf_parser"
version = "0.8.0"
source = "registry+https://github.com/rust-lang/crates.io-index"
checksum = "fb477c7fd2a3a6e04e1dc6ca2e4e9b04f2df702021dc5a5d1cf078c587dc59f7"
dependencies = [
 "ttf-parser",
]

[[package]]
name = "ttf-parser"
version = "0.8.2"
source = "registry+https://github.com/rust-lang/crates.io-index"
checksum = "d973cfa0e6124166b50a1105a67c85de40bbc625082f35c0f56f84cb1fb0a827"
